
Microsoft Visual Studio Solution File, Format Version 12.00
# Visual Studio Version 17
VisualStudioVersion = 17.2.32630.192
MinimumVisualStudioVersion = 10.0.40219.1
Project("{FAE04EC0-301F-11D3-BF4B-00C04F79EFBC}") = "YangBangHyangYeonGyulList", "YangBangHyangYeonGyulList\YangBangHyangYeonGyulList.csproj", "{D156135C-90C8-4E08-8B81-73DC67F6058F}"
EndProject
Global
	GlobalSection(SolutionConfigurationPlatforms) = preSolution
		Debug|Any CPU = Debug|Any CPU
		Release|Any CPU = Release|Any CPU
	EndGlobalSection
	GlobalSection(ProjectConfigurationPlatforms) = postSolution
		{D156135C-90C8-4E08-8B81-73DC67F6058F}.Debug|Any CPU.ActiveCfg = Debug|Any CPU
		{D156135C-90C8-4E08-8B81-73DC67F6058F}.Debug|Any CPU.Build.0 = Debug|Any CPU
		{D156135C-90C8-4E08-8B81-73DC67F6058F}.Release|Any CPU.ActiveCfg = Release|Any CPU
		{D156135C-90C8-4E08-8B81-73DC67F6058F}.Release|Any CPU.Build.0 = Release|Any CPU
	EndGlobalSection
	GlobalSection(SolutionProperties) = preSolution
		HideSolutionNode = FALSE
	EndGlobalSection
	GlobalSection(ExtensibilityGlobals) = postSolution
		SolutionGuid = {7B383D58-4D94-48D5-8636-945D4849E817}
	EndGlobalSection
EndGlobal
